{
    "_readme": [
        "This file locks the dependencies of your project to a known state",
        "Read more about it at https://getcomposer.org/doc/01-basic-usage.md#installing-dependencies",
        "This file is @generated automatically"
    ],
    "content-hash": "eb8a11dcc53e2fd7eee5cef06c638020",
    "packages": [
        {
            "name": "fzaninotto/faker",
            "version": "v1.9.2",
            "source": {
                "type": "git",
                "url": "https://github.com/fzaninotto/Faker.git",
                "reference": "848d8125239d7dbf8ab25cb7f054f1a630e68c2e"
            },
            "dist": {
                "type": "zip",
                "url": "https://api.github.com/repos/fzaninotto/Faker/zipball/848d8125239d7dbf8ab25cb7f054f1a630e68c2e",
                "reference": "848d8125239d7dbf8ab25cb7f054f1a630e68c2e",
                "shasum": ""
            },
            "require": {
                "php": "^5.3.3 || ^7.0"
            },
            "require-dev": {
                "ext-intl": "*",
                "phpunit/phpunit": "^4.8.35 || ^5.7",
                "squizlabs/php_codesniffer": "^2.9.2"
            },
            "type": "library",
            "extra": {
                "branch-alias": {
                    "dev-master": "1.9-dev"
                }
            },
            "autoload": {
                "psr-4": {
                    "Faker\\": "src/Faker/"
                }
            },
            "notification-url": "https://packagist.org/downloads/",
            "license": [
                "MIT"
            ],
            "authors": [
                {
                    "name": "François Zaninotto"
                }
            ],
            "description": "Faker is a PHP library that generates fake data for you.",
            "keywords": [
                "data",
                "faker",
                "fixtures"
            ],
            "support": {
                "issues": "https://github.com/fzaninotto/Faker/issues",
                "source": "https://github.com/fzaninotto/Faker/tree/v1.9.2"
            },
            "abandoned": true,
            "time": "2020-12-11T09:56:16+00:00"
        },
        {
            "name": "vlucas/valitron",
            "version": "v1.4.11",
            "source": {
                "type": "git",
                "url": "https://github.com/vlucas/valitron.git",
                "reference": "fadce39f5f235755bb9794b2573af2d5bfcba85f"
            },
            "dist": {
                "type": "zip",
                "url": "https://api.github.com/repos/vlucas/valitron/zipball/fadce39f5f235755bb9794b2573af2d5bfcba85f",
                "reference": "fadce39f5f235755bb9794b2573af2d5bfcba85f",
                "shasum": ""
            },
            "require": {
                "php": ">=5.3.2"
            },
            "require-dev": {
                "phpunit/phpunit": ">=4.8.35"
            },
            "suggest": {
                "ext-mbstring": "It can support the multiple bytes string length."
            },
            "type": "library",
            "autoload": {
                "psr-4": {
                    "Valitron\\": "src/Valitron"
                }
            },
            "notification-url": "https://packagist.org/downloads/",
            "license": [
                "BSD-3-Clause"
            ],
            "authors": [
                {
                    "name": "Vance Lucas",
                    "email": "vance@vancelucas.com",
                    "homepage": "https://www.vancelucas.com"
                }
            ],
            "description": "Simple, elegant, stand-alone validation library with NO dependencies",
            "homepage": "https://github.com/vlucas/valitron",
            "keywords": [
                "valid",
                "validation",
                "validator"
            ],
            "support": {
                "issues": "https://github.com/vlucas/valitron/issues",
                "source": "https://github.com/vlucas/valitron/tree/v1.4.11"
            },
            "funding": [
                {
                    "url": "https://tidelift.com/funding/github/packagist/vlucas/valitron",
                    "type": "tidelift"
                }
            ],
            "time": "2022-10-14T11:54:24+00:00"
        }
    ],
    "packages-dev": [],
    "aliases": [],
    "minimum-stability": "stable",
    "stability-flags": [],
    "prefer-stable": false,
    "prefer-lowest": false,
    "platform": [],
    "platform-dev": [],
    "plugin-api-version": "2.3.0"
}
